
Microsoft Visual Studio Solution File, Format Version 12.00
# Visual Studio Version 17
VisualStudioVersion = 17.0.31903.59
MinimumVisualStudioVersion = 10.0.40219.1
Project("{FAE04EC0-301F-11D3-BF4B-00C04F79EFBC}") = "ApiFirstMediatR.ApiSpec3_0Test", "src\ApiFirstMediatR.ApiSpec3_0Test\ApiFirstMediatR.ApiSpec3_0Test.csproj", "{E96E7F7E-3C61-461B-BC54-26914D0B4C8A}"
EndProject
Project("{FAE04EC0-301F-11D3-BF4B-00C04F79EFBC}") = "ApiFirstMediatR.Generator", "src\ApiFirstMediatR.Generator\ApiFirstMediatR.Generator.csproj", "{884764B3-0062-4E2D-BCC8-20CEF4689632}"
EndProject
Project("{FAE04EC0-301F-11D3-BF4B-00C04F79EFBC}") = "ApiFirstMediatR.ApiSpec2_0Test", "src\ApiFirstMediatR.ApiSpec2_0Test\ApiFirstMediatR.ApiSpec2_0Test.csproj", "{1DFA1FC4-DA0D-4CAE-BE3C-F1F567FF9D09}"
EndProject
Project("{2150E333-8FDC-42A3-9474-1A3956D46DE8}") = "test", "test", "{E6F30EF9-68DD-45DE-B5B5-C900E8924C8E}"
EndProject
Project("{FAE04EC0-301F-11D3-BF4B-00C04F79EFBC}") = "ApiFirstMediatR.Generator.Tests", "test\ApiFirstMediatR.Generator.Tests\ApiFirstMediatR.Generator.Tests.csproj", "{4F51A222-041D-4309-ADFE-B443FE24D64A}"
EndProject
Project("{FAE04EC0-301F-11D3-BF4B-00C04F79EFBC}") = "ApiFirstMediatR.Generator.Benchmarks", "test\ApiFirstMediatR.Generator.Benchmarks\ApiFirstMediatR.Generator.Benchmarks.csproj", "{D3E1981C-AF0B-43B6-A525-8F1EF5AA70A5}"
EndProject
Project("{FAE04EC0-301F-11D3-BF4B-00C04F79EFBC}") = "ApiFirstMediatR.Generator.IntegrationTests", "test\ApiFirstMediatR.Generator.IntegrationTests\ApiFirstMediatR.Generator.IntegrationTests.csproj", "{A061F98C-87F0-4C51-9938-5043E1FE9717}"
EndProject
Global
	GlobalSection(SolutionConfigurationPlatforms) = preSolution
		Debug|Any CPU = Debug|Any CPU
		Release|Any CPU = Release|Any CPU
	EndGlobalSection
	GlobalSection(SolutionProperties) = preSolution
		HideSolutionNode = FALSE
	EndGlobalSection
	GlobalSection(ProjectConfigurationPlatforms) = postSolution
		{E96E7F7E-3C61-461B-BC54-26914D0B4C8A}.Debug|Any CPU.ActiveCfg = Debug|Any CPU
		{E96E7F7E-3C61-461B-BC54-26914D0B4C8A}.Debug|Any CPU.Build.0 = Debug|Any CPU
		{E96E7F7E-3C61-461B-BC54-26914D0B4C8A}.Release|Any CPU.ActiveCfg = Release|Any CPU
		{E96E7F7E-3C61-461B-BC54-26914D0B4C8A}.Release|Any CPU.Build.0 = Release|Any CPU
		{884764B3-0062-4E2D-BCC8-20CEF4689632}.Debug|Any CPU.ActiveCfg = Debug|Any CPU
		{884764B3-0062-4E2D-BCC8-20CEF4689632}.Debug|Any CPU.Build.0 = Debug|Any CPU
		{884764B3-0062-4E2D-BCC8-20CEF4689632}.Release|Any CPU.ActiveCfg = Release|Any CPU
		{884764B3-0062-4E2D-BCC8-20CEF4689632}.Release|Any CPU.Build.0 = Release|Any CPU
		{1DFA1FC4-DA0D-4CAE-BE3C-F1F567FF9D09}.Debug|Any CPU.ActiveCfg = Debug|Any CPU
		{1DFA1FC4-DA0D-4CAE-BE3C-F1F567FF9D09}.Debug|Any CPU.Build.0 = Debug|Any CPU
		{1DFA1FC4-DA0D-4CAE-BE3C-F1F567FF9D09}.Release|Any CPU.ActiveCfg = Release|Any CPU
		{1DFA1FC4-DA0D-4CAE-BE3C-F1F567FF9D09}.Release|Any CPU.Build.0 = Release|Any CPU
		{4F51A222-041D-4309-ADFE-B443FE24D64A}.Debug|Any CPU.ActiveCfg = Debug|Any CPU
		{4F51A222-041D-4309-ADFE-B443FE24D64A}.Debug|Any CPU.Build.0 = Debug|Any CPU
		{4F51A222-041D-4309-ADFE-B443FE24D64A}.Release|Any CPU.ActiveCfg = Release|Any CPU
		{4F51A222-041D-4309-ADFE-B443FE24D64A}.Release|Any CPU.Build.0 = Release|Any CPU
		{D3E1981C-AF0B-43B6-A525-8F1EF5AA70A5}.Debug|Any CPU.ActiveCfg = Debug|Any CPU
		{D3E1981C-AF0B-43B6-A525-8F1EF5AA70A5}.Debug|Any CPU.Build.0 = Debug|Any CPU
		{D3E1981C-AF0B-43B6-A525-8F1EF5AA70A5}.Release|Any CPU.ActiveCfg = Release|Any CPU
		{D3E1981C-AF0B-43B6-A525-8F1EF5AA70A5}.Release|Any CPU.Build.0 = Release|Any CPU
		{A061F98C-87F0-4C51-9938-5043E1FE9717}.Debug|Any CPU.ActiveCfg = Debug|Any CPU
		{A061F98C-87F0-4C51-9938-5043E1FE9717}.Debug|Any CPU.Build.0 = Debug|Any CPU
		{A061F98C-87F0-4C51-9938-5043E1FE9717}.Release|Any CPU.ActiveCfg = Release|Any CPU
		{A061F98C-87F0-4C51-9938-5043E1FE9717}.Release|Any CPU.Build.0 = Release|Any CPU
	EndGlobalSection
	GlobalSection(NestedProjects) = preSolution
		{4F51A222-041D-4309-ADFE-B443FE24D64A} = {E6F30EF9-68DD-45DE-B5B5-C900E8924C8E}
		{D3E1981C-AF0B-43B6-A525-8F1EF5AA70A5} = {E6F30EF9-68DD-45DE-B5B5-C900E8924C8E}
		{A061F98C-87F0-4C51-9938-5043E1FE9717} = {E6F30EF9-68DD-45DE-B5B5-C900E8924C8E}
	EndGlobalSection
EndGlobal
